
Microsoft Visual Studio Solution File, Format Version 12.00
# Visual Studio Version 17
VisualStudioVersion = 17.5.002.0
MinimumVisualStudioVersion = 10.0.40219.1
Project("{9A19103F-16F7-4668-BE54-9A1E7A4F7556}") = "Stopwatch", "Stopwatch.csproj", "{02318D49-E99E-4D4E-9414-EEBDDD7A57BC}"
EndProject
Global
	GlobalSection(SolutionConfigurationPlatforms) = preSolution
		Debug|Any CPU = Debug|Any CPU
		Release|Any CPU = Release|Any CPU
	EndGlobalSection
	GlobalSection(ProjectConfigurationPlatforms) = postSolution
		{02318D49-E99E-4D4E-9414-EEBDDD7A57BC}.Debug|Any CPU.ActiveCfg = Debug|Any CPU
		{02318D49-E99E-4D4E-9414-EEBDDD7A57BC}.Debug|Any CPU.Build.0 = Debug|Any CPU
		{02318D49-E99E-4D4E-9414-EEBDDD7A57BC}.Release|Any CPU.ActiveCfg = Release|Any CPU
		{02318D49-E99E-4D4E-9414-EEBDDD7A57BC}.Release|Any CPU.Build.0 = Release|Any CPU
	EndGlobalSection
	GlobalSection(SolutionProperties) = preSolution
		HideSolutionNode = FALSE
	EndGlobalSection
	GlobalSection(ExtensibilityGlobals) = postSolution
		SolutionGuid = {69F8541A-9496-47EF-B8BE-BCE4390A3F38}
	EndGlobalSection
EndGlobal
